// !$*UTF8*$!
{
	archiveVersion = 1;
	classes = {
	};
	objectVersion = 46;
	objects = {

/* Begin PBXBuildFile section */
		59E299881C21508100838C32 /* FilmsDto.swift in Sources */ = {isa = PBXBuildFile; fileRef = 59E299871C21508100838C32 /* FilmsDto.swift */; };
		59E2B7321C21628200F93290 /* movie1.jpg in Resources */ = {isa = PBXBuildFile; fileRef = 59E2B7311C21628200F93290 /* movie1.jpg */; };
		59E2B7351C216A1900F93290 /* movie2.jpg in Resources */ = {isa = PBXBuildFile; fileRef = 59E2B7331C216A1900F93290 /* movie2.jpg */; };
		59E2B7361C216A1900F93290 /* movie3.jpg in Resources */ = {isa = PBXBuildFile; fileRef = 59E2B7341C216A1900F93290 /* movie3.jpg */; };
		59E2B73A1C21872F00F93290 /* VideoPlayerViewController.swift in Sources */ = {isa = PBXBuildFile; fileRef = 59E2B7391C21872F00F93290 /* VideoPlayerViewController.swift */; };
		59E2B73C1C21888300F93290 /* AVFoundation.framework in Frameworks */ = {isa = PBXBuildFile; fileRef = 59E2B73B1C21888300F93290 /* AVFoundation.framework */; };
		59E2B73D1C21888F00F93290 /* AVFoundation.framework in Frameworks */ = {isa = PBXBuildFile; fileRef = 59E2B73B1C21888300F93290 /* AVFoundation.framework */; };
		59E2B73E1C21888F00F93290 /* AVFoundation.framework in Embed Frameworks */ = {isa = PBXBuildFile; fileRef = 59E2B73B1C21888300F93290 /* AVFoundation.framework */; settings = {ATTRIBUTES = (CodeSignOnCopy, RemoveHeadersOnCopy, ); }; };
		B6E53ABBC8101121C38C5CA5 /* Pods_OCAppleTVExample.framework in Frameworks */ = {isa = PBXBuildFile; fileRef = 26C6693BB8870B0C235EC7AF /* Pods_OCAppleTVExample.framework */; };
		EA7CC945183E199B00B6A4B4 /* Foundation.framework in Frameworks */ = {isa = PBXBuildFile; fileRef = EA7CC944183E199B00B6A4B4 /* Foundation.framework */; };
		EA7CC947183E199B00B6A4B4 /* CoreGraphics.framework in Frameworks */ = {isa = PBXBuildFile; fileRef = EA7CC946183E199B00B6A4B4 /* CoreGraphics.framework */; };
		EA7CC949183E199B00B6A4B4 /* UIKit.framework in Frameworks */ = {isa = PBXBuildFile; fileRef = EA7CC948183E199B00B6A4B4 /* UIKit.framework */; };
		EA7CC94F183E199B00B6A4B4 /* InfoPlist.strings in Resources */ = {isa = PBXBuildFile; fileRef = EA7CC94D183E199B00B6A4B4 /* InfoPlist.strings */; };
		EA7CC951183E199B00B6A4B4 /* main.m in Sources */ = {isa = PBXBuildFile; fileRef = EA7CC950183E199B00B6A4B4 /* main.m */; };
		EA7CC955183E199B00B6A4B4 /* AppDelegate.m in Sources */ = {isa = PBXBuildFile; fileRef = EA7CC954183E199B00B6A4B4 /* AppDelegate.m */; };
		EA7CC958183E199B00B6A4B4 /* Main_iPhone.storyboard in Resources */ = {isa = PBXBuildFile; fileRef = EA7CC956183E199B00B6A4B4 /* Main_iPhone.storyboard */; };
		EA7CC95B183E199B00B6A4B4 /* Main_iPad.storyboard in Resources */ = {isa = PBXBuildFile; fileRef = EA7CC959183E199B00B6A4B4 /* Main_iPad.storyboard */; };
		EA7CC95E183E199B00B6A4B4 /* ViewController.m in Sources */ = {isa = PBXBuildFile; fileRef = EA7CC95D183E199B00B6A4B4 /* ViewController.m */; };
		EA7CC960183E199B00B6A4B4 /* Images.xcassets in Resources */ = {isa = PBXBuildFile; fileRef = EA7CC95F183E199B00B6A4B4 /* Images.xcassets */; };
		EA7CC968183E199C00B6A4B4 /* Foundation.framework in Frameworks */ = {isa = PBXBuildFile; fileRef = EA7CC944183E199B00B6A4B4 /* Foundation.framework */; };
		EA7CC969183E199C00B6A4B4 /* UIKit.framework in Frameworks */ = {isa = PBXBuildFile; fileRef = EA7CC948183E199B00B6A4B4 /* UIKit.framework */; };
		EA7CC971183E199C00B6A4B4 /* InfoPlist.strings in Resources */ = {isa = PBXBuildFile; fileRef = EA7CC96F183E199C00B6A4B4 /* InfoPlist.strings */; };
		EA7CC973183E199C00B6A4B4 /* OCLibraryExampleTests.m in Sources */ = {isa = PBXBuildFile; fileRef = EA7CC972183E199C00B6A4B4 /* OCLibraryExampleTests.m */; };
		EA8667FD18AA529000D3550D /* libownCloudiOS.a in Frameworks */ = {isa = PBXBuildFile; fileRef = EA8667F518AA524700D3550D /* libownCloudiOS.a */; };
		EA8A8E0E1C10480800894587 /* AppDelegate.swift in Sources */ = {isa = PBXBuildFile; fileRef = EA8A8E0D1C10480800894587 /* AppDelegate.swift */; };
		EA8A8E101C10480800894587 /* ViewController.swift in Sources */ = {isa = PBXBuildFile; fileRef = EA8A8E0F1C10480800894587 /* ViewController.swift */; };
		EA8A8E131C10480800894587 /* Main.storyboard in Resources */ = {isa = PBXBuildFile; fileRef = EA8A8E111C10480800894587 /* Main.storyboard */; };
		EA8A8E151C10480800894587 /* Assets.xcassets in Resources */ = {isa = PBXBuildFile; fileRef = EA8A8E141C10480800894587 /* Assets.xcassets */; };
		EA8A8E1F1C1053FA00894587 /* MovieCell.swift in Sources */ = {isa = PBXBuildFile; fileRef = EA8A8E1E1C1053FA00894587 /* MovieCell.swift */; };
		EAABAB321858D84600909831 /* image_to_upload.jpg in Resources */ = {isa = PBXBuildFile; fileRef = EAABAB311858D84600909831 /* image_to_upload.jpg */; };
		EAABAB331858D84600909831 /* image_to_upload.jpg in Resources */ = {isa = PBXBuildFile; fileRef = EAABAB311858D84600909831 /* image_to_upload.jpg */; };
/* End PBXBuildFile section */

/* Begin PBXContainerItemProxy section */
		EA7CC96A183E199C00B6A4B4 /* PBXContainerItemProxy */ = {
			isa = PBXContainerItemProxy;
			containerPortal = EA7CC939183E199B00B6A4B4 /* Project object */;
			proxyType = 1;
			remoteGlobalIDString = EA7CC940183E199B00B6A4B4;
			remoteInfo = OCLibraryExample;
		};
		EA8667F418AA524700D3550D /* PBXContainerItemProxy */ = {
			isa = PBXContainerItemProxy;
			containerPortal = EA8667EF18AA524700D3550D /* ownCloud iOS library.xcodeproj */;
			proxyType = 2;
			remoteGlobalIDString = EA7CC897183E11E600B6A4B4;
			remoteInfo = "ownCloud iOS library";
		};
		EA8667F618AA524700D3550D /* PBXContainerItemProxy */ = {
			isa = PBXContainerItemProxy;
			containerPortal = EA8667EF18AA524700D3550D /* ownCloud iOS library.xcodeproj */;
			proxyType = 2;
			remoteGlobalIDString = EA7CC8A7183E11E600B6A4B4;
			remoteInfo = "ownCloud iOS libraryTests";
		};
		EA8667F918AA528700D3550D /* PBXContainerItemProxy */ = {
			isa = PBXContainerItemProxy;
			containerPortal = EA8667EF18AA524700D3550D /* ownCloud iOS library.xcodeproj */;
			proxyType = 1;
			remoteGlobalIDString = EA7CC896183E11E600B6A4B4;
			remoteInfo = "ownCloud iOS library";
		};
/* End PBXContainerItemProxy section */

/* Begin PBXCopyFilesBuildPhase section */
		59E2B73F1C21888F00F93290 /* Embed Frameworks */ = {
			isa = PBXCopyFilesBuildPhase;
			buildActionMask = 2147483647;
			dstPath = "";
			dstSubfolderSpec = 10;
			files = (
				59E2B73E1C21888F00F93290 /* AVFoundation.framework in Embed Frameworks */,
			);
			name = "Embed Frameworks";
			runOnlyForDeploymentPostprocessing = 0;
		};
/* End PBXCopyFilesBuildPhase section */

/* Begin PBXFileReference section */
		26C6693BB8870B0C235EC7AF /* Pods_OCAppleTVExample.framework */ = {isa = PBXFileReference; explicitFileType = wrapper.framework; includeInIndex = 0; path = Pods_OCAppleTVExample.framework; sourceTree = BUILT_PRODUCTS_DIR; };
		59E299871C21508100838C32 /* FilmsDto.swift */ = {isa = PBXFileReference; fileEncoding = 4; lastKnownFileType = sourcecode.swift; name = FilmsDto.swift; path = Dtos/FilmsDto.swift; sourceTree = "<group>"; };
		59E2B7311C21628200F93290 /* movie1.jpg */ = {isa = PBXFileReference; lastKnownFileType = image.jpeg; path = movie1.jpg; sourceTree = "<group>"; };
		59E2B7331C216A1900F93290 /* movie2.jpg */ = {isa = PBXFileReference; lastKnownFileType = image.jpeg; path = movie2.jpg; sourceTree = "<group>"; };
		59E2B7341C216A1900F93290 /* movie3.jpg */ = {isa = PBXFileReference; lastKnownFileType = image.jpeg; path = movie3.jpg; sourceTree = "<group>"; };
		59E2B7391C21872F00F93290 /* VideoPlayerViewController.swift */ = {isa = PBXFileReference; fileEncoding = 4; lastKnownFileType = sourcecode.swift; path = VideoPlayerViewController.swift; sourceTree = "<group>"; };
		59E2B73B1C21888300F93290 /* AVFoundation.framework */ = {isa = PBXFileReference; lastKnownFileType = wrapper.framework; name = AVFoundation.framework; path = System/Library/Frameworks/AVFoundation.framework; sourceTree = SDKROOT; };
		6A6766825393A386A8ADA7A8 /* Pods-OCAppleTVExample.release.xcconfig */ = {isa = PBXFileReference; includeInIndex = 1; lastKnownFileType = text.xcconfig; name = "Pods-OCAppleTVExample.release.xcconfig"; path = "Pods/Target Support Files/Pods-OCAppleTVExample/Pods-OCAppleTVExample.release.xcconfig"; sourceTree = "<group>"; };
		EA7CC941183E199B00B6A4B4 /* OCLibraryExample.app */ = {isa = PBXFileReference; explicitFileType = wrapper.application; includeInIndex = 0; path = OCLibraryExample.app; sourceTree = BUILT_PRODUCTS_DIR; };
		EA7CC944183E199B00B6A4B4 /* Foundation.framework */ = {isa = PBXFileReference; lastKnownFileType = wrapper.framework; name = Foundation.framework; path = System/Library/Frameworks/Foundation.framework; sourceTree = SDKROOT; };
		EA7CC946183E199B00B6A4B4 /* CoreGraphics.framework */ = {isa = PBXFileReference; lastKnownFileType = wrapper.framework; name = CoreGraphics.framework; path = System/Library/Frameworks/CoreGraphics.framework; sourceTree = SDKROOT; };
		EA7CC948183E199B00B6A4B4 /* UIKit.framework */ = {isa = PBXFileReference; lastKnownFileType = wrapper.framework; name = UIKit.framework; path = System/Library/Frameworks/UIKit.framework; sourceTree = SDKROOT; };
		EA7CC94C183E199B00B6A4B4 /* OCLibraryExample-Info.plist */ = {isa = PBXFileReference; lastKnownFileType = text.plist.xml; path = "OCLibraryExample-Info.plist"; sourceTree = "<group>"; };
		EA7CC94E183E199B00B6A4B4 /* en */ = {isa = PBXFileReference; lastKnownFileType = text.plist.strings; name = en; path = en.lproj/InfoPlist.strings; sourceTree = "<group>"; };
		EA7CC950183E199B00B6A4B4 /* main.m */ = {isa = PBXFileReference; lastKnownFileType = sourcecode.c.objc; path = main.m; sourceTree = "<group>"; };
		EA7CC952183E199B00B6A4B4 /* OCLibraryExample-Prefix.pch */ = {isa = PBXFileReference; lastKnownFileType = sourcecode.c.h; path = "OCLibraryExample-Prefix.pch"; sourceTree = "<group>"; };
		EA7CC953183E199B00B6A4B4 /* AppDelegate.h */ = {isa = PBXFileReference; lastKnownFileType = sourcecode.c.h; path = AppDelegate.h; sourceTree = "<group>"; };
		EA7CC954183E199B00B6A4B4 /* AppDelegate.m */ = {isa = PBXFileReference; lastKnownFileType = sourcecode.c.objc; path = AppDelegate.m; sourceTree = "<group>"; };
		EA7CC957183E199B00B6A4B4 /* Base */ = {isa = PBXFileReference; lastKnownFileType = file.storyboard; name = Base; path = Base.lproj/Main_iPhone.storyboard; sourceTree = "<group>"; };
		EA7CC95A183E199B00B6A4B4 /* Base */ = {isa = PBXFileReference; lastKnownFileType = file.storyboard; name = Base; path = Base.lproj/Main_iPad.storyboard; sourceTree = "<group>"; };
		EA7CC95C183E199B00B6A4B4 /* ViewController.h */ = {isa = PBXFileReference; lastKnownFileType = sourcecode.c.h; path = ViewController.h; sourceTree = "<group>"; };
		EA7CC95D183E199B00B6A4B4 /* ViewController.m */ = {isa = PBXFileReference; lastKnownFileType = sourcecode.c.objc; path = ViewController.m; sourceTree = "<group>"; };
		EA7CC95F183E199B00B6A4B4 /* Images.xcassets */ = {isa = PBXFileReference; lastKnownFileType = folder.assetcatalog; path = Images.xcassets; sourceTree = "<group>"; };
		EA7CC965183E199C00B6A4B4 /* OCLibraryExampleTests.xctest */ = {isa = PBXFileReference; explicitFileType = wrapper.cfbundle; includeInIndex = 0; path = OCLibraryExampleTests.xctest; sourceTree = BUILT_PRODUCTS_DIR; };
		EA7CC96E183E199C00B6A4B4 /* OCLibraryExampleTests-Info.plist */ = {isa = PBXFileReference; lastKnownFileType = text.plist.xml; path = "OCLibraryExampleTests-Info.plist"; sourceTree = "<group>"; };
		EA7CC970183E199C00B6A4B4 /* en */ = {isa = PBXFileReference; lastKnownFileType = text.plist.strings; name = en; path = en.lproj/InfoPlist.strings; sourceTree = "<group>"; };
		EA7CC972183E199C00B6A4B4 /* OCLibraryExampleTests.m */ = {isa = PBXFileReference; lastKnownFileType = sourcecode.c.objc; path = OCLibraryExampleTests.m; sourceTree = "<group>"; };
		EA8667EF18AA524700D3550D /* ownCloud iOS library.xcodeproj */ = {isa = PBXFileReference; lastKnownFileType = "wrapper.pb-project"; name = "ownCloud iOS library.xcodeproj"; path = "../OCCommunicationLib/ownCloud iOS library.xcodeproj"; sourceTree = "<group>"; };
		EA8A8E0B1C10480800894587 /* OCAppleTVExample.app */ = {isa = PBXFileReference; explicitFileType = wrapper.application; includeInIndex = 0; path = OCAppleTVExample.app; sourceTree = BUILT_PRODUCTS_DIR; };
		EA8A8E0D1C10480800894587 /* AppDelegate.swift */ = {isa = PBXFileReference; lastKnownFileType = sourcecode.swift; path = AppDelegate.swift; sourceTree = "<group>"; };
		EA8A8E0F1C10480800894587 /* ViewController.swift */ = {isa = PBXFileReference; lastKnownFileType = sourcecode.swift; path = ViewController.swift; sourceTree = "<group>"; };
		EA8A8E121C10480800894587 /* Base */ = {isa = PBXFileReference; lastKnownFileType = file.storyboard; name = Base; path = Base.lproj/Main.storyboard; sourceTree = "<group>"; };
		EA8A8E141C10480800894587 /* Assets.xcassets */ = {isa = PBXFileReference; lastKnownFileType = folder.assetcatalog; path = Assets.xcassets; sourceTree = "<group>"; };
		EA8A8E161C10480800894587 /* Info.plist */ = {isa = PBXFileReference; lastKnownFileType = text.plist.xml; path = Info.plist; sourceTree = "<group>"; };
		EA8A8E1E1C1053FA00894587 /* MovieCell.swift */ = {isa = PBXFileReference; fileEncoding = 4; lastKnownFileType = sourcecode.swift; name = MovieCell.swift; path = Cells/MovieCell.swift; sourceTree = "<group>"; };
		EAA3EA916EBA6036A0BEC82F /* Pods-OCAppleTVExample.debug.xcconfig */ = {isa = PBXFileReference; includeInIndex = 1; lastKnownFileType = text.xcconfig; name = "Pods-OCAppleTVExample.debug.xcconfig"; path = "Pods/Target Support Files/Pods-OCAppleTVExample/Pods-OCAppleTVExample.debug.xcconfig"; sourceTree = "<group>"; };
		EAABAB311858D84600909831 /* image_to_upload.jpg */ = {isa = PBXFileReference; lastKnownFileType = image.jpeg; name = image_to_upload.jpg; path = Resources/image_to_upload.jpg; sourceTree = "<group>"; };
/* End PBXFileReference section */

/* Begin PBXFrameworksBuildPhase section */
		EA7CC93E183E199B00B6A4B4 /* Frameworks */ = {
			isa = PBXFrameworksBuildPhase;
			buildActionMask = 2147483647;
			files = (
				59E2B73C1C21888300F93290 /* AVFoundation.framework in Frameworks */,
				EA8667FD18AA529000D3550D /* libownCloudiOS.a in Frameworks */,
				EA7CC947183E199B00B6A4B4 /* CoreGraphics.framework in Frameworks */,
				EA7CC949183E199B00B6A4B4 /* UIKit.framework in Frameworks */,
				EA7CC945183E199B00B6A4B4 /* Foundation.framework in Frameworks */,
			);
			runOnlyForDeploymentPostprocessing = 0;
		};
		EA7CC962183E199C00B6A4B4 /* Frameworks */ = {
			isa = PBXFrameworksBuildPhase;
			buildActionMask = 2147483647;
			files = (
				EA7CC969183E199C00B6A4B4 /* UIKit.framework in Frameworks */,
				EA7CC968183E199C00B6A4B4 /* Foundation.framework in Frameworks */,
			);
			runOnlyForDeploymentPostprocessing = 0;
		};
		EA8A8E081C10480800894587 /* Frameworks */ = {
			isa = PBXFrameworksBuildPhase;
			buildActionMask = 2147483647;
			files = (
				59E2B73D1C21888F00F93290 /* AVFoundation.framework in Frameworks */,
				B6E53ABBC8101121C38C5CA5 /* Pods_OCAppleTVExample.framework in Frameworks */,
			);
			runOnlyForDeploymentPostprocessing = 0;
		};
/* End PBXFrameworksBuildPhase section */

/* Begin PBXGroup section */
		59E299851C21504200838C32 /* Dtos */ = {
			isa = PBXGroup;
			children = (
				59E299871C21508100838C32 /* FilmsDto.swift */,
			);
			name = Dtos;
			sourceTree = "<group>";
		};
		59E2B72D1C21604100F93290 /* Posters */ = {
			isa = PBXGroup;
			children = (
				59E2B7311C21628200F93290 /* movie1.jpg */,
				59E2B7331C216A1900F93290 /* movie2.jpg */,
				59E2B7341C216A1900F93290 /* movie3.jpg */,
			);
			path = Posters;
			sourceTree = "<group>";
		};
		E1953C1EEFDD0F70B4855310 /* Pods */ = {
			isa = PBXGroup;
			children = (
				EAA3EA916EBA6036A0BEC82F /* Pods-OCAppleTVExample.debug.xcconfig */,
				6A6766825393A386A8ADA7A8 /* Pods-OCAppleTVExample.release.xcconfig */,
			);
			name = Pods;
			sourceTree = "<group>";
		};
		EA7CC938183E199B00B6A4B4 = {
			isa = PBXGroup;
			children = (
				EA8667EF18AA524700D3550D /* ownCloud iOS library.xcodeproj */,
				EA7CC94A183E199B00B6A4B4 /* OCLibraryExample */,
				EA7CC96C183E199C00B6A4B4 /* OCLibraryExampleTests */,
				EA8A8E0C1C10480800894587 /* OCAppleTVExample */,
				EA7CC943183E199B00B6A4B4 /* Frameworks */,
				EA7CC942183E199B00B6A4B4 /* Products */,
				E1953C1EEFDD0F70B4855310 /* Pods */,
			);
			sourceTree = "<group>";
		};
		EA7CC942183E199B00B6A4B4 /* Products */ = {
			isa = PBXGroup;
			children = (
				EA7CC941183E199B00B6A4B4 /* OCLibraryExample.app */,
				EA7CC965183E199C00B6A4B4 /* OCLibraryExampleTests.xctest */,
				EA8A8E0B1C10480800894587 /* OCAppleTVExample.app */,
			);
			name = Products;
			sourceTree = "<group>";
		};
		EA7CC943183E199B00B6A4B4 /* Frameworks */ = {
			isa = PBXGroup;
			children = (
				59E2B73B1C21888300F93290 /* AVFoundation.framework */,
				EA7CC944183E199B00B6A4B4 /* Foundation.framework */,
				EA7CC946183E199B00B6A4B4 /* CoreGraphics.framework */,
				EA7CC948183E199B00B6A4B4 /* UIKit.framework */,
				26C6693BB8870B0C235EC7AF /* Pods_OCAppleTVExample.framework */,
			);
			name = Frameworks;
			sourceTree = "<group>";
		};
		EA7CC94A183E199B00B6A4B4 /* OCLibraryExample */ = {
			isa = PBXGroup;
			children = (
				EA7CC953183E199B00B6A4B4 /* AppDelegate.h */,
				EA7CC954183E199B00B6A4B4 /* AppDelegate.m */,
				EA7CC956183E199B00B6A4B4 /* Main_iPhone.storyboard */,
				EA7CC959183E199B00B6A4B4 /* Main_iPad.storyboard */,
				EA7CC95C183E199B00B6A4B4 /* ViewController.h */,
				EA7CC95D183E199B00B6A4B4 /* ViewController.m */,
				EA7CC95F183E199B00B6A4B4 /* Images.xcassets */,
				EA7CC94B183E199B00B6A4B4 /* Supporting Files */,
			);
			path = OCLibraryExample;
			sourceTree = "<group>";
		};
		EA7CC94B183E199B00B6A4B4 /* Supporting Files */ = {
			isa = PBXGroup;
			children = (
				EAABAB301858D83800909831 /* Resources */,
				EA7CC94C183E199B00B6A4B4 /* OCLibraryExample-Info.plist */,
				EA7CC94D183E199B00B6A4B4 /* InfoPlist.strings */,
				EA7CC950183E199B00B6A4B4 /* main.m */,
				EA7CC952183E199B00B6A4B4 /* OCLibraryExample-Prefix.pch */,
			);
			name = "Supporting Files";
			sourceTree = "<group>";
		};
		EA7CC96C183E199C00B6A4B4 /* OCLibraryExampleTests */ = {
			isa = PBXGroup;
			children = (
				EA7CC972183E199C00B6A4B4 /* OCLibraryExampleTests.m */,
				EA7CC96D183E199C00B6A4B4 /* Supporting Files */,
			);
			path = OCLibraryExampleTests;
			sourceTree = "<group>";
		};
		EA7CC96D183E199C00B6A4B4 /* Supporting Files */ = {
			isa = PBXGroup;
			children = (
				EA7CC96E183E199C00B6A4B4 /* OCLibraryExampleTests-Info.plist */,
				EA7CC96F183E199C00B6A4B4 /* InfoPlist.strings */,
			);
			name = "Supporting Files";
			sourceTree = "<group>";
		};
		EA8667F018AA524700D3550D /* Products */ = {
			isa = PBXGroup;
			children = (
				EA8667F518AA524700D3550D /* libownCloudiOS.a */,
				EA8667F718AA524700D3550D /* ownCloud iOS libraryTests.xctest */,
			);
			name = Products;
			sourceTree = "<group>";
		};
		EA8A8E0C1C10480800894587 /* OCAppleTVExample */ = {
			isa = PBXGroup;
			children = (
				59E299851C21504200838C32 /* Dtos */,
				EA8A8E1B1C10535C00894587 /* Cells */,
				EA8A8E0D1C10480800894587 /* AppDelegate.swift */,
				EA8A8E0F1C10480800894587 /* ViewController.swift */,
				59E2B7391C21872F00F93290 /* VideoPlayerViewController.swift */,
				EA8A8E111C10480800894587 /* Main.storyboard */,
				EA8A8E141C10480800894587 /* Assets.xcassets */,
				EA8A8E161C10480800894587 /* Info.plist */,
				59E2B72D1C21604100F93290 /* Posters */,
			);
			path = OCAppleTVExample;
			sourceTree = "<group>";
		};
		EA8A8E1B1C10535C00894587 /* Cells */ = {
			isa = PBXGroup;
			children = (
				EA8A8E1E1C1053FA00894587 /* MovieCell.swift */,
			);
			name = Cells;
			sourceTree = "<group>";
		};
		EAABAB301858D83800909831 /* Resources */ = {
			isa = PBXGroup;
			children = (
				EAABAB311858D84600909831 /* image_to_upload.jpg */,
			);
			name = Resources;
			sourceTree = "<group>";
		};
/* End PBXGroup section */

/* Begin PBXNativeTarget section */
		EA7CC940183E199B00B6A4B4 /* OCLibraryExample */ = {
			isa = PBXNativeTarget;
			buildConfigurationList = EA7CC976183E199C00B6A4B4 /* Build configuration list for PBXNativeTarget "OCLibraryExample" */;
			buildPhases = (
				ED3786C271B7EF1AF808AAD4 /* Check Pods Manifest.lock */,
				EA7CC93D183E199B00B6A4B4 /* Sources */,
				EA7CC93E183E199B00B6A4B4 /* Frameworks */,
				EA7CC93F183E199B00B6A4B4 /* Resources */,
				6C797216DD3EB63F91BF4EFD /* Embed Pods Frameworks */,
				3E5E0939542616C89D8D225F /* Copy Pods Resources */,
			);
			buildRules = (
			);
			dependencies = (
				EA8667FA18AA528700D3550D /* PBXTargetDependency */,
			);
			name = OCLibraryExample;
			productName = OCLibraryExample;
			productReference = EA7CC941183E199B00B6A4B4 /* OCLibraryExample.app */;
			productType = "com.apple.product-type.application";
		};
		EA7CC964183E199C00B6A4B4 /* OCLibraryExampleTests */ = {
			isa = PBXNativeTarget;
			buildConfigurationList = EA7CC979183E199C00B6A4B4 /* Build configuration list for PBXNativeTarget "OCLibraryExampleTests" */;
			buildPhases = (
				EA7CC961183E199C00B6A4B4 /* Sources */,
				EA7CC962183E199C00B6A4B4 /* Frameworks */,
				EA7CC963183E199C00B6A4B4 /* Resources */,
			);
			buildRules = (
			);
			dependencies = (
				EA7CC96B183E199C00B6A4B4 /* PBXTargetDependency */,
			);
			name = OCLibraryExampleTests;
			productName = OCLibraryExampleTests;
			productReference = EA7CC965183E199C00B6A4B4 /* OCLibraryExampleTests.xctest */;
			productType = "com.apple.product-type.bundle.unit-test";
		};
		EA8A8E0A1C10480800894587 /* OCAppleTVExample */ = {
			isa = PBXNativeTarget;
			buildConfigurationList = EA8A8E1A1C10480800894587 /* Build configuration list for PBXNativeTarget "OCAppleTVExample" */;
			buildPhases = (
				FF907520D936FFDCCCCA38FF /* Check Pods Manifest.lock */,
				EA8A8E071C10480800894587 /* Sources */,
				EA8A8E081C10480800894587 /* Frameworks */,
				EA8A8E091C10480800894587 /* Resources */,
				59E2B73F1C21888F00F93290 /* Embed Frameworks */,
				AA6EF63C5D593EC0334403F3 /* Embed Pods Frameworks */,
				5D41751845B0ADD4D445E5CE /* Copy Pods Resources */,
			);
			buildRules = (
			);
			dependencies = (
			);
			name = OCAppleTVExample;
			productName = OCAppleTVExample;
			productReference = EA8A8E0B1C10480800894587 /* OCAppleTVExample.app */;
			productType = "com.apple.product-type.application";
		};
/* End PBXNativeTarget section */

/* Begin PBXProject section */
		EA7CC939183E199B00B6A4B4 /* Project object */ = {
			isa = PBXProject;
			attributes = {
				LastSwiftUpdateCheck = 0710;
				LastUpgradeCheck = 0500;
				ORGANIZATIONNAME = ownCloud;
				TargetAttributes = {
					EA7CC964183E199C00B6A4B4 = {
						TestTargetID = EA7CC940183E199B00B6A4B4;
					};
					EA8A8E0A1C10480800894587 = {
						CreatedOnToolsVersion = 7.1;
					};
				};
			};
			buildConfigurationList = EA7CC93C183E199B00B6A4B4 /* Build configuration list for PBXProject "OCLibraryExample" */;
			compatibilityVersion = "Xcode 3.2";
			developmentRegion = English;
			hasScannedForEncodings = 0;
			knownRegions = (
				en,
				Base,
			);
			mainGroup = EA7CC938183E199B00B6A4B4;
			productRefGroup = EA7CC942183E199B00B6A4B4 /* Products */;
			projectDirPath = "";
			projectReferences = (
				{
					ProductGroup = EA8667F018AA524700D3550D /* Products */;
					ProjectRef = EA8667EF18AA524700D3550D /* ownCloud iOS library.xcodeproj */;
				},
			);
			projectRoot = "";
			targets = (
				EA7CC940183E199B00B6A4B4 /* OCLibraryExample */,
				EA7CC964183E199C00B6A4B4 /* OCLibraryExampleTests */,
				EA8A8E0A1C10480800894587 /* OCAppleTVExample */,
			);
		};
/* End PBXProject section */

/* Begin PBXReferenceProxy section */
		EA8667F518AA524700D3550D /* libownCloudiOS.a */ = {
			isa = PBXReferenceProxy;
			fileType = archive.ar;
			path = libownCloudiOS.a;
			remoteRef = EA8667F418AA524700D3550D /* PBXContainerItemProxy */;
			sourceTree = BUILT_PRODUCTS_DIR;
		};
		EA8667F718AA524700D3550D /* ownCloud iOS libraryTests.xctest */ = {
			isa = PBXReferenceProxy;
			fileType = wrapper.cfbundle;
			path = "ownCloud iOS libraryTests.xctest";
			remoteRef = EA8667F618AA524700D3550D /* PBXContainerItemProxy */;
			sourceTree = BUILT_PRODUCTS_DIR;
		};
/* End PBXReferenceProxy section */

/* Begin PBXResourcesBuildPhase section */
		EA7CC93F183E199B00B6A4B4 /* Resources */ = {
			isa = PBXResourcesBuildPhase;
			buildActionMask = 2147483647;
			files = (
				EA7CC95B183E199B00B6A4B4 /* Main_iPad.storyboard in Resources */,
				EA7CC960183E199B00B6A4B4 /* Images.xcassets in Resources */,
				EAABAB321858D84600909831 /* image_to_upload.jpg in Resources */,
				EA7CC958183E199B00B6A4B4 /* Main_iPhone.storyboard in Resources */,
				EA7CC94F183E199B00B6A4B4 /* InfoPlist.strings in Resources */,
			);
			runOnlyForDeploymentPostprocessing = 0;
		};
		EA7CC963183E199C00B6A4B4 /* Resources */ = {
			isa = PBXResourcesBuildPhase;
			buildActionMask = 2147483647;
			files = (
				EA7CC971183E199C00B6A4B4 /* InfoPlist.strings in Resources */,
				EAABAB331858D84600909831 /* image_to_upload.jpg in Resources */,
			);
			runOnlyForDeploymentPostprocessing = 0;
		};
		EA8A8E091C10480800894587 /* Resources */ = {
			isa = PBXResourcesBuildPhase;
			buildActionMask = 2147483647;
			files = (
				EA8A8E151C10480800894587 /* Assets.xcassets in Resources */,
				59E2B7361C216A1900F93290 /* movie3.jpg in Resources */,
				59E2B7321C21628200F93290 /* movie1.jpg in Resources */,
				EA8A8E131C10480800894587 /* Main.storyboard in Resources */,
				59E2B7351C216A1900F93290 /* movie2.jpg in Resources */,
			);
			runOnlyForDeploymentPostprocessing = 0;
		};
/* End PBXResourcesBuildPhase section */

/* Begin PBXShellScriptBuildPhase section */
		3E5E0939542616C89D8D225F /* Copy Pods Resources */ = {
			isa = PBXShellScriptBuildPhase;
			buildActionMask = 2147483647;
			files = (
			);
			inputPaths = (
			);
			name = "Copy Pods Resources";
			outputPaths = (
			);
			runOnlyForDeploymentPostprocessing = 0;
			shellPath = /bin/sh;
			shellScript = "\"${SRCROOT}/Pods/Target Support Files/Pods/Pods-resources.sh\"\n";
			showEnvVarsInLog = 0;
		};
		5D41751845B0ADD4D445E5CE /* Copy Pods Resources */ = {
			isa = PBXShellScriptBuildPhase;
			buildActionMask = 2147483647;
			files = (
			);
			inputPaths = (
			);
			name = "Copy Pods Resources";
			outputPaths = (
			);
			runOnlyForDeploymentPostprocessing = 0;
			shellPath = /bin/sh;
			shellScript = "\"${SRCROOT}/Pods/Target Support Files/Pods-OCAppleTVExample/Pods-OCAppleTVExample-resources.sh\"\n";
			showEnvVarsInLog = 0;
		};
		6C797216DD3EB63F91BF4EFD /* Embed Pods Frameworks */ = {
			isa = PBXShellScriptBuildPhase;
			buildActionMask = 2147483647;
			files = (
			);
			inputPaths = (
			);
			name = "Embed Pods Frameworks";
			outputPaths = (
			);
			runOnlyForDeploymentPostprocessing = 0;
			shellPath = /bin/sh;
			shellScript = "\"${SRCROOT}/Pods/Target Support Files/Pods/Pods-frameworks.sh\"\n";
			showEnvVarsInLog = 0;
		};
		AA6EF63C5D593EC0334403F3 /* Embed Pods Frameworks */ = {
			isa = PBXShellScriptBuildPhase;
			buildActionMask = 2147483647;
			files = (
			);
			inputPaths = (
			);
			name = "Embed Pods Frameworks";
			outputPaths = (
			);
			runOnlyForDeploymentPostprocessing = 0;
			shellPath = /bin/sh;
			shellScript = "\"${SRCROOT}/Pods/Target Support Files/Pods-OCAppleTVExample/Pods-OCAppleTVExample-frameworks.sh\"\n";
			showEnvVarsInLog = 0;
		};
		ED3786C271B7EF1AF808AAD4 /* Check Pods Manifest.lock */ = {
			isa = PBXShellScriptBuildPhase;
			buildActionMask = 2147483647;
			files = (
			);
			inputPaths = (
			);
			name = "Check Pods Manifest.lock";
			outputPaths = (
			);
			runOnlyForDeploymentPostprocessing = 0;
			shellPath = /bin/sh;
			shellScript = "diff \"${PODS_ROOT}/../Podfile.lock\" \"${PODS_ROOT}/Manifest.lock\" > /dev/null\nif [[ $? != 0 ]] ; then\n    cat << EOM\nerror: The sandbox is not in sync with the Podfile.lock. Run 'pod install' or update your CocoaPods installation.\nEOM\n    exit 1\nfi\n";
			showEnvVarsInLog = 0;
		};
		FF907520D936FFDCCCCA38FF /* Check Pods Manifest.lock */ = {
			isa = PBXShellScriptBuildPhase;
			buildActionMask = 2147483647;
			files = (
			);
			inputPaths = (
			);
			name = "Check Pods Manifest.lock";
			outputPaths = (
			);
			runOnlyForDeploymentPostprocessing = 0;
			shellPath = /bin/sh;
			shellScript = "diff \"${PODS_ROOT}/../Podfile.lock\" \"${PODS_ROOT}/Manifest.lock\" > /dev/null\nif [[ $? != 0 ]] ; then\n    cat << EOM\nerror: The sandbox is not in sync with the Podfile.lock. Run 'pod install' or update your CocoaPods installation.\nEOM\n    exit 1\nfi\n";
			showEnvVarsInLog = 0;
		};
/* End PBXShellScriptBuildPhase section */

/* Begin PBXSourcesBuildPhase section */
		EA7CC93D183E199B00B6A4B4 /* Sources */ = {
			isa = PBXSourcesBuildPhase;
			buildActionMask = 2147483647;
			files = (
				EA7CC95E183E199B00B6A4B4 /* ViewController.m in Sources */,
				EA7CC955183E199B00B6A4B4 /* AppDelegate.m in Sources */,
				EA7CC951183E199B00B6A4B4 /* main.m in Sources */,
			);
			runOnlyForDeploymentPostprocessing = 0;
		};
		EA7CC961183E199C00B6A4B4 /* Sources */ = {
			isa = PBXSourcesBuildPhase;
			buildActionMask = 2147483647;
			files = (
				EA7CC973183E199C00B6A4B4 /* OCLibraryExampleTests.m in Sources */,
			);
			runOnlyForDeploymentPostprocessing = 0;
		};
		EA8A8E071C10480800894587 /* Sources */ = {
			isa = PBXSourcesBuildPhase;
			buildActionMask = 2147483647;
			files = (
				EA8A8E101C10480800894587 /* ViewController.swift in Sources */,
				EA8A8E0E1C10480800894587 /* AppDelegate.swift in Sources */,
				59E2B73A1C21872F00F93290 /* VideoPlayerViewController.swift in Sources */,
				EA8A8E1F1C1053FA00894587 /* MovieCell.swift in Sources */,
				59E299881C21508100838C32 /* FilmsDto.swift in Sources */,
			);
			runOnlyForDeploymentPostprocessing = 0;
		};
/* End PBXSourcesBuildPhase section */

/* Begin PBXTargetDependency section */
		EA7CC96B183E199C00B6A4B4 /* PBXTargetDependency */ = {
			isa = PBXTargetDependency;
			target = EA7CC940183E199B00B6A4B4 /* OCLibraryExample */;
			targetProxy = EA7CC96A183E199C00B6A4B4 /* PBXContainerItemProxy */;
		};
		EA8667FA18AA528700D3550D /* PBXTargetDependency */ = {
			isa = PBXTargetDependency;
			name = "ownCloud iOS library";
			targetProxy = EA8667F918AA528700D3550D /* PBXContainerItemProxy */;
		};
/* End PBXTargetDependency section */

/* Begin PBXVariantGroup section */
		EA7CC94D183E199B00B6A4B4 /* InfoPlist.strings */ = {
			isa = PBXVariantGroup;
			children = (
				EA7CC94E183E199B00B6A4B4 /* en */,
			);
			name = InfoPlist.strings;
			sourceTree = "<group>";
		};
		EA7CC956183E199B00B6A4B4 /* Main_iPhone.storyboard */ = {
			isa = PBXVariantGroup;
			children = (
				EA7CC957183E199B00B6A4B4 /* Base */,
			);
			name = Main_iPhone.storyboard;
			sourceTree = "<group>";
		};
		EA7CC959183E199B00B6A4B4 /* Main_iPad.storyboard */ = {
			isa = PBXVariantGroup;
			children = (
				EA7CC95A183E199B00B6A4B4 /* Base */,
			);
			name = Main_iPad.storyboard;
			sourceTree = "<group>";
		};
		EA7CC96F183E199C00B6A4B4 /* InfoPlist.strings */ = {
			isa = PBXVariantGroup;
			children = (
				EA7CC970183E199C00B6A4B4 /* en */,
			);
			name = InfoPlist.strings;
			sourceTree = "<group>";
		};
		EA8A8E111C10480800894587 /* Main.storyboard */ = {
			isa = PBXVariantGroup;
			children = (
				EA8A8E121C10480800894587 /* Base */,
			);
			name = Main.storyboard;
			sourceTree = "<group>";
		};
/* End PBXVariantGroup section */

/* Begin XCBuildConfiguration section */
		EA7CC974183E199C00B6A4B4 /* Debug */ = {
			isa = XCBuildConfiguration;
			buildSettings = {
				ALWAYS_SEARCH_USER_PATHS = NO;
				ARCHS = "$(ARCHS_STANDARD_INCLUDING_64_BIT)";
				CLANG_CXX_LANGUAGE_STANDARD = "gnu++0x";
				CLANG_CXX_LIBRARY = "libc++";
				CLANG_ENABLE_MODULES = YES;
				CLANG_ENABLE_OBJC_ARC = YES;
				CLANG_WARN_BOOL_CONVERSION = YES;
				CLANG_WARN_CONSTANT_CONVERSION = YES;
				CLANG_WARN_DIRECT_OBJC_ISA_USAGE = YES_ERROR;
				CLANG_WARN_EMPTY_BODY = YES;
				CLANG_WARN_ENUM_CONVERSION = YES;
				CLANG_WARN_INT_CONVERSION = YES;
				CLANG_WARN_OBJC_ROOT_CLASS = YES_ERROR;
				CLANG_WARN__DUPLICATE_METHOD_MATCH = YES;
				"CODE_SIGN_IDENTITY[sdk=iphoneos*]" = "iPhone Developer";
				COPY_PHASE_STRIP = NO;
				GCC_C_LANGUAGE_STANDARD = gnu99;
				GCC_DYNAMIC_NO_PIC = NO;
				GCC_OPTIMIZATION_LEVEL = 0;
				GCC_PREPROCESSOR_DEFINITIONS = (
					"DEBUG=1",
					"$(inherited)",
				);
				GCC_SYMBOLS_PRIVATE_EXTERN = NO;
				GCC_WARN_64_TO_32_BIT_CONVERSION = YES;
				GCC_WARN_ABOUT_RETURN_TYPE = YES_ERROR;
				GCC_WARN_UNDECLARED_SELECTOR = YES;
				GCC_WARN_UNINITIALIZED_AUTOS = YES;
				GCC_WARN_UNUSED_FUNCTION = YES;
				GCC_WARN_UNUSED_VARIABLE = YES;
				IPHONEOS_DEPLOYMENT_TARGET = 7.0;
				ONLY_ACTIVE_ARCH = YES;
				SDKROOT = iphoneos;
				TARGETED_DEVICE_FAMILY = "1,2";
			};
			name = Debug;
		};
		EA7CC975183E199C00B6A4B4 /* Release */ = {
			isa = XCBuildConfiguration;
			buildSettings = {
				ALWAYS_SEARCH_USER_PATHS = NO;
				ARCHS = "$(ARCHS_STANDARD_INCLUDING_64_BIT)";
				CLANG_CXX_LANGUAGE_STANDARD = "gnu++0x";
				CLANG_CXX_LIBRARY = "libc++";
				CLANG_ENABLE_MODULES = YES;
				CLANG_ENABLE_OBJC_ARC = YES;
				CLANG_WARN_BOOL_CONVERSION = YES;
				CLANG_WARN_CONSTANT_CONVERSION = YES;
				CLANG_WARN_DIRECT_OBJC_ISA_USAGE = YES_ERROR;
				CLANG_WARN_EMPTY_BODY = YES;
				CLANG_WARN_ENUM_CONVERSION = YES;
				CLANG_WARN_INT_CONVERSION = YES;
				CLANG_WARN_OBJC_ROOT_CLASS = YES_ERROR;
				CLANG_WARN__DUPLICATE_METHOD_MATCH = YES;
				"CODE_SIGN_IDENTITY[sdk=iphoneos*]" = "iPhone Developer";
				COPY_PHASE_STRIP = YES;
				ENABLE_NS_ASSERTIONS = NO;
				GCC_C_LANGUAGE_STANDARD = gnu99;
				GCC_WARN_64_TO_32_BIT_CONVERSION = YES;
				GCC_WARN_ABOUT_RETURN_TYPE = YES_ERROR;
				GCC_WARN_UNDECLARED_SELECTOR = YES;
				GCC_WARN_UNINITIALIZED_AUTOS = YES;
				GCC_WARN_UNUSED_FUNCTION = YES;
				GCC_WARN_UNUSED_VARIABLE = YES;
				IPHONEOS_DEPLOYMENT_TARGET = 7.0;
				SDKROOT = iphoneos;
				TARGETED_DEVICE_FAMILY = "1,2";
				VALIDATE_PRODUCT = YES;
			};
			name = Release;
		};
		EA7CC977183E199C00B6A4B4 /* Debug */ = {
			isa = XCBuildConfiguration;
			buildSettings = {
				ARCHS = "$(ARCHS_STANDARD_32_BIT)";
				ASSETCATALOG_COMPILER_APPICON_NAME = AppIcon;
				ASSETCATALOG_COMPILER_LAUNCHIMAGE_NAME = LaunchImage;
				CODE_SIGN_IDENTITY = "iPhone Developer";
				GCC_PRECOMPILE_PREFIX_HEADER = YES;
				GCC_PREFIX_HEADER = "OCLibraryExample/OCLibraryExample-Prefix.pch";
				HEADER_SEARCH_PATHS = (
					"$(inherited)",
					/Applications/Xcode.app/Contents/Developer/Toolchains/XcodeDefault.xctoolchain/usr/include,
					"$(SRCROOT)/../OCCommunicationLib/OCCommunicationLib",
					"$(SRCROOT)/../OCCommunicationLib/OCCommunicationLib/ExternalLibs/AFNetworking",
					"$(SRCROOT)/../OCCommunicationLib/OCCommunicationLib/Utils",
				);
				INFOPLIST_FILE = "OCLibraryExample/OCLibraryExample-Info.plist";
				IPHONEOS_DEPLOYMENT_TARGET = 6.0;
				ONLY_ACTIVE_ARCH = NO;
				OTHER_LDFLAGS = "-ObjC";
				PRODUCT_NAME = "$(TARGET_NAME)";
				VALID_ARCHS = armv7;
				WRAPPER_EXTENSION = app;
			};
			name = Debug;
		};
		EA7CC978183E199C00B6A4B4 /* Release */ = {
			isa = XCBuildConfiguration;
			buildSettings = {
				ARCHS = "$(ARCHS_STANDARD_32_BIT)";
				ASSETCATALOG_COMPILER_APPICON_NAME = AppIcon;
				ASSETCATALOG_COMPILER_LAUNCHIMAGE_NAME = LaunchImage;
				CODE_SIGN_IDENTITY = "iPhone Developer";
				GCC_PRECOMPILE_PREFIX_HEADER = YES;
				GCC_PREFIX_HEADER = "OCLibraryExample/OCLibraryExample-Prefix.pch";
				HEADER_SEARCH_PATHS = (
					"$(inherited)",
					/Applications/Xcode.app/Contents/Developer/Toolchains/XcodeDefault.xctoolchain/usr/include,
					"$(SRCROOT)/../OCCommunicationLib/OCCommunicationLib",
					"$(SRCROOT)/../OCCommunicationLib/OCCommunicationLib/ExternalLibs/AFNetworking",
					"$(SRCROOT)/../OCCommunicationLib/OCCommunicationLib/Utils",
				);
				INFOPLIST_FILE = "OCLibraryExample/OCLibraryExample-Info.plist";
				IPHONEOS_DEPLOYMENT_TARGET = 6.0;
				OTHER_LDFLAGS = "-ObjC";
				PRODUCT_NAME = "$(TARGET_NAME)";
				VALID_ARCHS = armv7;
				WRAPPER_EXTENSION = app;
			};
			name = Release;
		};
		EA7CC97A183E199C00B6A4B4 /* Debug */ = {
			isa = XCBuildConfiguration;
			buildSettings = {
				ARCHS = "$(ARCHS_STANDARD_INCLUDING_64_BIT)";
				BUNDLE_LOADER = "$(BUILT_PRODUCTS_DIR)/OCLibraryExample.app/OCLibraryExample";
				FRAMEWORK_SEARCH_PATHS = (
					"$(SDKROOT)/Developer/Library/Frameworks",
					"$(inherited)",
					"$(DEVELOPER_FRAMEWORKS_DIR)",
				);
				GCC_PRECOMPILE_PREFIX_HEADER = YES;
				GCC_PREFIX_HEADER = "OCLibraryExample/OCLibraryExample-Prefix.pch";
				GCC_PREPROCESSOR_DEFINITIONS = (
					"DEBUG=1",
					"$(inherited)",
				);
				INFOPLIST_FILE = "OCLibraryExampleTests/OCLibraryExampleTests-Info.plist";
				PRODUCT_NAME = "$(TARGET_NAME)";
				TEST_HOST = "$(BUNDLE_LOADER)";
				WRAPPER_EXTENSION = xctest;
			};
			name = Debug;
		};
		EA7CC97B183E199C00B6A4B4 /* Release */ = {
			isa = XCBuildConfiguration;
			buildSettings = {
				ARCHS = "$(ARCHS_STANDARD_INCLUDING_64_BIT)";
				BUNDLE_LOADER = "$(BUILT_PRODUCTS_DIR)/OCLibraryExample.app/OCLibraryExample";
				FRAMEWORK_SEARCH_PATHS = (
					"$(SDKROOT)/Developer/Library/Frameworks",
					"$(inherited)",
					"$(DEVELOPER_FRAMEWORKS_DIR)",
				);
				GCC_PRECOMPILE_PREFIX_HEADER = YES;
				GCC_PREFIX_HEADER = "OCLibraryExample/OCLibraryExample-Prefix.pch";
				INFOPLIST_FILE = "OCLibraryExampleTests/OCLibraryExampleTests-Info.plist";
				PRODUCT_NAME = "$(TARGET_NAME)";
				TEST_HOST = "$(BUNDLE_LOADER)";
				WRAPPER_EXTENSION = xctest;
			};
			name = Release;
		};
		EA8A8E171C10480800894587 /* Debug */ = {
			isa = XCBuildConfiguration;
			baseConfigurationReference = EAA3EA916EBA6036A0BEC82F /* Pods-OCAppleTVExample.debug.xcconfig */;
			buildSettings = {
				ASSETCATALOG_COMPILER_APPICON_NAME = "App Icon & Top Shelf Image";
				ASSETCATALOG_COMPILER_LAUNCHIMAGE_NAME = LaunchImage;
				CLANG_WARN_UNREACHABLE_CODE = YES;
				DEBUG_INFORMATION_FORMAT = dwarf;
				ENABLE_STRICT_OBJC_MSGSEND = YES;
				ENABLE_TESTABILITY = YES;
				FRAMEWORK_SEARCH_PATHS = (
					"$(inherited)",
					"$(PROJECT_DIR)/build/Debug-iphoneos",
				);
				GCC_NO_COMMON_BLOCKS = YES;
				GCC_WARN_UNINITIALIZED_AUTOS = YES_AGGRESSIVE;
				INFOPLIST_FILE = OCAppleTVExample/Info.plist;
				LD_RUNPATH_SEARCH_PATHS = "$(inherited) @executable_path/Frameworks";
				MTL_ENABLE_DEBUG_INFO = YES;
				PRODUCT_BUNDLE_IDENTIFIER = com.owncloud.OCAppleTVExample;
				PRODUCT_NAME = "$(TARGET_NAME)";
				SDKROOT = appletvos;
				SWIFT_OPTIMIZATION_LEVEL = "-Onone";
				TARGETED_DEVICE_FAMILY = 3;
				TVOS_DEPLOYMENT_TARGET = 9.0;
			};
			name = Debug;
		};
		EA8A8E181C10480800894587 /* Release */ = {
			isa = XCBuildConfiguration;
			baseConfigurationReference = 6A6766825393A386A8ADA7A8 /* Pods-OCAppleTVExample.release.xcconfig */;
			buildSettings = {
				ASSETCATALOG_COMPILER_APPICON_NAME = "App Icon & Top Shelf Image";
				ASSETCATALOG_COMPILER_LAUNCHIMAGE_NAME = LaunchImage;
				CLANG_WARN_UNREACHABLE_CODE = YES;
				COPY_PHASE_STRIP = NO;
				DEBUG_INFORMATION_FORMAT = "dwarf-with-dsym";
				ENABLE_STRICT_OBJC_MSGSEND = YES;
				FRAMEWORK_SEARCH_PATHS = (
					"$(inherited)",
					"$(PROJECT_DIR)/build/Debug-iphoneos",
				);
				GCC_NO_COMMON_BLOCKS = YES;
				GCC_WARN_UNINITIALIZED_AUTOS = YES_AGGRESSIVE;
				INFOPLIST_FILE = OCAppleTVExample/Info.plist;
				LD_RUNPATH_SEARCH_PATHS = "$(inherited) @executable_path/Frameworks";
				MTL_ENABLE_DEBUG_INFO = NO;
				PRODUCT_BUNDLE_IDENTIFIER = com.owncloud.OCAppleTVExample;
				PRODUCT_NAME = "$(TARGET_NAME)";
				SDKROOT = appletvos;
				TARGETED_DEVICE_FAMILY = 3;
				TVOS_DEPLOYMENT_TARGET = 9.0;
			};
			name = Release;
		};
/* End XCBuildConfiguration section */

/* Begin XCConfigurationList section */
		EA7CC93C183E199B00B6A4B4 /* Build configuration list for PBXProject "OCLibraryExample" */ = {
			isa = XCConfigurationList;
			buildConfigurations = (
				EA7CC974183E199C00B6A4B4 /* Debug */,
				EA7CC975183E199C00B6A4B4 /* Release */,
			);
			defaultConfigurationIsVisible = 0;
			defaultConfigurationName = Release;
		};
		EA7CC976183E199C00B6A4B4 /* Build configuration list for PBXNativeTarget "OCLibraryExample" */ = {
			isa = XCConfigurationList;
			buildConfigurations = (
				EA7CC977183E199C00B6A4B4 /* Debug */,
				EA7CC978183E199C00B6A4B4 /* Release */,
			);
			defaultConfigurationIsVisible = 0;
			defaultConfigurationName = Release;
		};
		EA7CC979183E199C00B6A4B4 /* Build configuration list for PBXNativeTarget "OCLibraryExampleTests" */ = {
			isa = XCConfigurationList;
			buildConfigurations = (
				EA7CC97A183E199C00B6A4B4 /* Debug */,
				EA7CC97B183E199C00B6A4B4 /* Release */,
			);
			defaultConfigurationIsVisible = 0;
			defaultConfigurationName = Release;
		};
		EA8A8E1A1C10480800894587 /* Build configuration list for PBXNativeTarget "OCAppleTVExample" */ = {
			isa = XCConfigurationList;
			buildConfigurations = (
				EA8A8E171C10480800894587 /* Debug */,
				EA8A8E181C10480800894587 /* Release */,
			);
			defaultConfigurationIsVisible = 0;
			defaultConfigurationName = Release;
		};
/* End XCConfigurationList section */
	};
	rootObject = EA7CC939183E199B00B6A4B4 /* Project object */;
}
